
Microsoft Visual Studio Solution File, Format Version 12.00
# Visual Studio 2012
Project("{FAE04EC0-301F-11D3-BF4B-00C04F79EFBC}") = "MaintainStudentScores", "MaintainStudentScores\MaintainStudentScores.csproj", "{C38F4D4B-17A2-48DB-9697-59AFF0ADC6FA}"
EndProject
Global
	GlobalSection(SolutionConfigurationPlatforms) = preSolution
		Debug|Any CPU = Debug|Any CPU
		Release|Any CPU = Release|Any CPU
	EndGlobalSection
	GlobalSection(ProjectConfigurationPlatforms) = postSolution
		{C38F4D4B-17A2-48DB-9697-59AFF0ADC6FA}.Debug|Any CPU.ActiveCfg = Debug|Any CPU
		{C38F4D4B-17A2-48DB-9697-59AFF0ADC6FA}.Debug|Any CPU.Build.0 = Debug|Any CPU
		{C38F4D4B-17A2-48DB-9697-59AFF0ADC6FA}.Release|Any CPU.ActiveCfg = Release|Any CPU
		{C38F4D4B-17A2-48DB-9697-59AFF0ADC6FA}.Release|Any CPU.Build.0 = Release|Any CPU
	EndGlobalSection
	GlobalSection(SolutionProperties) = preSolution
		HideSolutionNode = FALSE
	EndGlobalSection
EndGlobal
